
Microsoft Visual Studio Solution File, Format Version 12.00
# Visual Studio Version 17
VisualStudioVersion = 17.6.33829.357
MinimumVisualStudioVersion = 10.0.40219.1
Project("{FAE04EC0-301F-11D3-BF4B-00C04F79EFBC}") = "WpfApp_SimpleProject", "WpfApp_SimpleProject\WpfApp_SimpleProject.csproj", "{9896E05F-3C92-4F16-98D1-5BB8855F5C1C}"
EndProject
Global
	GlobalSection(SolutionConfigurationPlatforms) = preSolution
		Debug|Any CPU = Debug|Any CPU
		Release|Any CPU = Release|Any CPU
	EndGlobalSection
	GlobalSection(ProjectConfigurationPlatforms) = postSolution
		{9896E05F-3C92-4F16-98D1-5BB8855F5C1C}.Debug|Any CPU.ActiveCfg = Debug|Any CPU
		{9896E05F-3C92-4F16-98D1-5BB8855F5C1C}.Debug|Any CPU.Build.0 = Debug|Any CPU
		{9896E05F-3C92-4F16-98D1-5BB8855F5C1C}.Release|Any CPU.ActiveCfg = Release|Any CPU
		{9896E05F-3C92-4F16-98D1-5BB8855F5C1C}.Release|Any CPU.Build.0 = Release|Any CPU
	EndGlobalSection
	GlobalSection(SolutionProperties) = preSolution
		HideSolutionNode = FALSE
	EndGlobalSection
	GlobalSection(ExtensibilityGlobals) = postSolution
		SolutionGuid = {6029C382-7FB6-4CFA-8471-04C6B38361C0}
	EndGlobalSection
EndGlobal
